{
  "name": "main-workspace",
  "version": "1.0.0",
  "lockfileVersion": 2,
  "requires": true,
  "packages": {
    "": {
      "name": "main-workspace",
      "version": "1.0.0",
      "license": "ISC",
      "workspaces": [
        "./libs/*"
      ]
    },
    "libs/core-lib": {
      "name": "@core/lib",
      "version": "1.0.0",
      "license": "ISC"
    },
    "node_modules/@core/lib": {
      "resolved": "libs/core-lib",
      "link": true
    }
  },
  "dependencies": {
    "@core/lib": {
      "version": "file:libs/core-lib"
    }
  }
}
